
Microsoft Visual Studio Solution File, Format Version 12.00
Project("{2150E333-8FDC-42A3-9474-1A3956D46DE8}") = "src", "src", "{E6DB9334-848E-44C2-B6A5-C02C2303F469}"
EndProject
Project("{2150E333-8FDC-42A3-9474-1A3956D46DE8}") = "tests", "tests", "{29FC92F5-20DE-4A9D-9EE5-A4118B144961}"
EndProject
Project("{FAE04EC0-301F-11D3-BF4B-00C04F79EFBC}") = "Steeltoe.Informers.InformersBase", "src\InformersBase\Steeltoe.Informers.InformersBase.csproj", "{E3E68855-9BFD-4D84-B194-C84F84809CCA}"
EndProject
Project("{FAE04EC0-301F-11D3-BF4B-00C04F79EFBC}") = "Steeltoe.Informers.KubernetesBase", "src\KubernetesBase\Steeltoe.Informers.KubernetesBase.csproj", "{A5E2895D-22F8-47BB-956C-8ED841A3248D}"
EndProject
Project("{FAE04EC0-301F-11D3-BF4B-00C04F79EFBC}") = "Steeltoe.Informers.InformersBase.Tests", "tests\InformersBase.Tests\Steeltoe.Informers.InformersBase.Tests.csproj", "{18DAB705-D364-49D4-8E5E-5C3C03584F36}"
EndProject
Project("{FAE04EC0-301F-11D3-BF4B-00C04F79EFBC}") = "Steeltoe.Informers.KubernetesBase.Tests", "tests\KubernetesBase.Tests\Steeltoe.Informers.KubernetesBase.Tests.csproj", "{176769C6-E1EC-4E03-885F-6636ABB4012A}"
EndProject
Project("{2150E333-8FDC-42A3-9474-1A3956D46DE8}") = "samples", "samples", "{AC2BF6A2-1230-4C57-BAEA-74B11A4968BD}"
EndProject
Project("{FAE04EC0-301F-11D3-BF4B-00C04F79EFBC}") = "informers", "samples\informers\informers.csproj", "{6E040EC4-E6A2-465B-BEEB-8B2D4009C677}"
EndProject
Project("{FAE04EC0-301F-11D3-BF4B-00C04F79EFBC}") = "Steeltoe.Informers.KubernetesCore", "src\KubernetesCore\Steeltoe.Informers.KubernetesCore.csproj", "{BD87BE50-D72B-4060-81F4-8FC86F2F2AEB}"
EndProject
Project("{FAE04EC0-301F-11D3-BF4B-00C04F79EFBC}") = "Steeltoe.Discovery.KubernetesBase", "src\DiscoveryClient\Steeltoe.Discovery.KubernetesBase.csproj", "{B956A047-2568-4418-933D-E6015EE9AA8B}"
EndProject
Global
	GlobalSection(SolutionConfigurationPlatforms) = preSolution
		Debug|Any CPU = Debug|Any CPU
		Release|Any CPU = Release|Any CPU
	EndGlobalSection
	GlobalSection(NestedProjects) = preSolution
		{E3E68855-9BFD-4D84-B194-C84F84809CCA} = {E6DB9334-848E-44C2-B6A5-C02C2303F469}
		{A5E2895D-22F8-47BB-956C-8ED841A3248D} = {E6DB9334-848E-44C2-B6A5-C02C2303F469}
		{18DAB705-D364-49D4-8E5E-5C3C03584F36} = {29FC92F5-20DE-4A9D-9EE5-A4118B144961}
		{176769C6-E1EC-4E03-885F-6636ABB4012A} = {29FC92F5-20DE-4A9D-9EE5-A4118B144961}
		{6E040EC4-E6A2-465B-BEEB-8B2D4009C677} = {AC2BF6A2-1230-4C57-BAEA-74B11A4968BD}
		{BD87BE50-D72B-4060-81F4-8FC86F2F2AEB} = {E6DB9334-848E-44C2-B6A5-C02C2303F469}
		{B956A047-2568-4418-933D-E6015EE9AA8B} = {E6DB9334-848E-44C2-B6A5-C02C2303F469}
	EndGlobalSection
	GlobalSection(ProjectConfigurationPlatforms) = postSolution
		{E3E68855-9BFD-4D84-B194-C84F84809CCA}.Debug|Any CPU.ActiveCfg = Debug|Any CPU
		{E3E68855-9BFD-4D84-B194-C84F84809CCA}.Debug|Any CPU.Build.0 = Debug|Any CPU
		{E3E68855-9BFD-4D84-B194-C84F84809CCA}.Release|Any CPU.ActiveCfg = Release|Any CPU
		{E3E68855-9BFD-4D84-B194-C84F84809CCA}.Release|Any CPU.Build.0 = Release|Any CPU
		{A5E2895D-22F8-47BB-956C-8ED841A3248D}.Debug|Any CPU.ActiveCfg = Debug|Any CPU
		{A5E2895D-22F8-47BB-956C-8ED841A3248D}.Debug|Any CPU.Build.0 = Debug|Any CPU
		{A5E2895D-22F8-47BB-956C-8ED841A3248D}.Release|Any CPU.ActiveCfg = Release|Any CPU
		{A5E2895D-22F8-47BB-956C-8ED841A3248D}.Release|Any CPU.Build.0 = Release|Any CPU
		{18DAB705-D364-49D4-8E5E-5C3C03584F36}.Debug|Any CPU.ActiveCfg = Debug|Any CPU
		{18DAB705-D364-49D4-8E5E-5C3C03584F36}.Debug|Any CPU.Build.0 = Debug|Any CPU
		{18DAB705-D364-49D4-8E5E-5C3C03584F36}.Release|Any CPU.ActiveCfg = Release|Any CPU
		{18DAB705-D364-49D4-8E5E-5C3C03584F36}.Release|Any CPU.Build.0 = Release|Any CPU
		{176769C6-E1EC-4E03-885F-6636ABB4012A}.Debug|Any CPU.ActiveCfg = Debug|Any CPU
		{176769C6-E1EC-4E03-885F-6636ABB4012A}.Debug|Any CPU.Build.0 = Debug|Any CPU
		{176769C6-E1EC-4E03-885F-6636ABB4012A}.Release|Any CPU.ActiveCfg = Release|Any CPU
		{176769C6-E1EC-4E03-885F-6636ABB4012A}.Release|Any CPU.Build.0 = Release|Any CPU
		{6E040EC4-E6A2-465B-BEEB-8B2D4009C677}.Debug|Any CPU.ActiveCfg = Debug|Any CPU
		{6E040EC4-E6A2-465B-BEEB-8B2D4009C677}.Debug|Any CPU.Build.0 = Debug|Any CPU
		{6E040EC4-E6A2-465B-BEEB-8B2D4009C677}.Release|Any CPU.ActiveCfg = Release|Any CPU
		{6E040EC4-E6A2-465B-BEEB-8B2D4009C677}.Release|Any CPU.Build.0 = Release|Any CPU
		{BD87BE50-D72B-4060-81F4-8FC86F2F2AEB}.Debug|Any CPU.ActiveCfg = Debug|Any CPU
		{BD87BE50-D72B-4060-81F4-8FC86F2F2AEB}.Debug|Any CPU.Build.0 = Debug|Any CPU
		{BD87BE50-D72B-4060-81F4-8FC86F2F2AEB}.Release|Any CPU.ActiveCfg = Release|Any CPU
		{BD87BE50-D72B-4060-81F4-8FC86F2F2AEB}.Release|Any CPU.Build.0 = Release|Any CPU
		{B956A047-2568-4418-933D-E6015EE9AA8B}.Debug|Any CPU.ActiveCfg = Debug|Any CPU
		{B956A047-2568-4418-933D-E6015EE9AA8B}.Debug|Any CPU.Build.0 = Debug|Any CPU
		{B956A047-2568-4418-933D-E6015EE9AA8B}.Release|Any CPU.ActiveCfg = Release|Any CPU
		{B956A047-2568-4418-933D-E6015EE9AA8B}.Release|Any CPU.Build.0 = Release|Any CPU
	EndGlobalSection
EndGlobal
